Microsoft Visual Studio Solution File, Format Version 12.00
# Visual Studio Version 17
VisualStudioVersion = 17.13.35913.81
MinimumVisualStudioVersion = 10.0.40219.1
Project("{FAE04EC0-301F-11D3-BF4B-00C04F79EFBC}") = "AlrawiChat", "AlrawiChat\AlrawiChat.csproj", "{DC6394D0-8A84-41B1-870F-BE7085341DE5}"
EndProject
Project("{54435603-DBB4-11D2-8724-00A0C9A8B90C}") = "AlrawiChatApp", "AlrawiChatApp\AlrawiChatApp.vdproj", "{BB0C254C-1082-A878-931E-C1D694005820}"
EndProject
Global
	GlobalSection(SolutionConfigurationPlatforms) = preSolution
		Debug|Any CPU = Debug|Any CPU
		Release|Any CPU = Release|Any CPU
	EndGlobalSection
	GlobalSection(ProjectConfigurationPlatforms) = postSolution
		{DC6394D0-8A84-41B1-870F-BE7085341DE5}.Debug|Any CPU.ActiveCfg = Debug|Any CPU
		{DC6394D0-8A84-41B1-870F-BE7085341DE5}.Debug|Any CPU.Build.0 = Debug|Any CPU
		{DC6394D0-8A84-41B1-870F-BE7085341DE5}.Release|Any CPU.ActiveCfg = Release|Any CPU
		{DC6394D0-8A84-41B1-870F-BE7085341DE5}.Release|Any CPU.Build.0 = Release|Any CPU
	EndGlobalSection
	GlobalSection(SolutionProperties) = preSolution
		HideSolutionNode = FALSE
	EndGlobalSection
	GlobalSection(ExtensibilityGlobals) = postSolution
		SolutionGuid = {2C117E7A-5CA3-4316-ABF1-0BF991B7C65A}
	EndGlobalSection
EndGlobal
